
Microsoft Visual Studio Solution File, Format Version 11.00
# Visual Studio 2010
Project("{FAE04EC0-301F-11D3-BF4B-00C04F79EFBC}") = "tut6stackpanels", "tut6stackpanels\tut6stackpanels.csproj", "{FD15AF60-FF59-4E03-ACE1-BADCD2F102D2}"
EndProject
Global
	GlobalSection(SolutionConfigurationPlatforms) = preSolution
		Debug|x86 = Debug|x86
		Release|x86 = Release|x86
	EndGlobalSection
	GlobalSection(ProjectConfigurationPlatforms) = postSolution
		{FD15AF60-FF59-4E03-ACE1-BADCD2F102D2}.Debug|x86.ActiveCfg = Debug|x86
		{FD15AF60-FF59-4E03-ACE1-BADCD2F102D2}.Debug|x86.Build.0 = Debug|x86
		{FD15AF60-FF59-4E03-ACE1-BADCD2F102D2}.Release|x86.ActiveCfg = Release|x86
		{FD15AF60-FF59-4E03-ACE1-BADCD2F102D2}.Release|x86.Build.0 = Release|x86
	EndGlobalSection
	GlobalSection(SolutionProperties) = preSolution
		HideSolutionNode = FALSE
	EndGlobalSection
EndGlobal
